// !$*UTF8*$!
{
	archiveVersion = 1;
	classes = {
	};
	objectVersion = 46;
	objects = {

/* Begin PBXBuildFile section */
		9B707CB61664E4B600BDCB01 /* UIKit.framework in Frameworks */ = {isa = PBXBuildFile; fileRef = 9B707CB51664E4B600BDCB01 /* UIKit.framework */; };
		9B707CB81664E4B600BDCB01 /* Foundation.framework in Frameworks */ = {isa = PBXBuildFile; fileRef = 9B707CB71664E4B600BDCB01 /* Foundation.framework */; };
		9B707CBA1664E4B600BDCB01 /* CoreGraphics.framework in Frameworks */ = {isa = PBXBuildFile; fileRef = 9B707CB91664E4B600BDCB01 /* CoreGraphics.framework */; };
		9B707CC01664E4B600BDCB01 /* InfoPlist.strings in Resources */ = {isa = PBXBuildFile; fileRef = 9B707CBE1664E4B600BDCB01 /* InfoPlist.strings */; };
		9B707CC21664E4B600BDCB01 /* main.m in Sources */ = {isa = PBXBuildFile; fileRef = 9B707CC11664E4B600BDCB01 /* main.m */; };
		9B707CC61664E4B600BDCB01 /* AppDelegate.m in Sources */ = {isa = PBXBuildFile; fileRef = 9B707CC51664E4B600BDCB01 /* AppDelegate.m */; };
		9B707CC81664E4B600BDCB01 /* Default.png in Resources */ = {isa = PBXBuildFile; fileRef = 9B707CC71664E4B600BDCB01 /* Default.png */; };
		9B707CCA1664E4B600BDCB01 /* Default@2x.png in Resources */ = {isa = PBXBuildFile; fileRef = 9B707CC91664E4B600BDCB01 /* Default@2x.png */; };
		9B707CCC1664E4B600BDCB01 /* Default-568h@2x.png in Resources */ = {isa = PBXBuildFile; fileRef = 9B707CCB1664E4B600BDCB01 /* Default-568h@2x.png */; };
		9B707CED1664E4D200BDCB01 /* NSObject+SBJson.m in Sources */ = {isa = PBXBuildFile; fileRef = 9B707CD51664E4D200BDCB01 /* NSObject+SBJson.m */; };
		9B707CEE1664E4D200BDCB01 /* SBJsonParser.m in Sources */ = {isa = PBXBuildFile; fileRef = 9B707CD81664E4D200BDCB01 /* SBJsonParser.m */; };
		9B707CEF1664E4D200BDCB01 /* SBJsonStreamParser.m in Sources */ = {isa = PBXBuildFile; fileRef = 9B707CDA1664E4D200BDCB01 /* SBJsonStreamParser.m */; };
		9B707CF01664E4D200BDCB01 /* SBJsonStreamParserAccumulator.m in Sources */ = {isa = PBXBuildFile; fileRef = 9B707CDC1664E4D200BDCB01 /* SBJsonStreamParserAccumulator.m */; };
		9B707CF11664E4D200BDCB01 /* SBJsonStreamParserAdapter.m in Sources */ = {isa = PBXBuildFile; fileRef = 9B707CDE1664E4D200BDCB01 /* SBJsonStreamParserAdapter.m */; };
		9B707CF21664E4D200BDCB01 /* SBJsonStreamParserState.m in Sources */ = {isa = PBXBuildFile; fileRef = 9B707CE01664E4D200BDCB01 /* SBJsonStreamParserState.m */; };
		9B707CF31664E4D200BDCB01 /* SBJsonStreamWriter.m in Sources */ = {isa = PBXBuildFile; fileRef = 9B707CE21664E4D200BDCB01 /* SBJsonStreamWriter.m */; };
		9B707CF41664E4D200BDCB01 /* SBJsonStreamWriterAccumulator.m in Sources */ = {isa = PBXBuildFile; fileRef = 9B707CE41664E4D200BDCB01 /* SBJsonStreamWriterAccumulator.m */; };
		9B707CF51664E4D200BDCB01 /* SBJsonStreamWriterState.m in Sources */ = {isa = PBXBuildFile; fileRef = 9B707CE61664E4D200BDCB01 /* SBJsonStreamWriterState.m */; };
		9B707CF61664E4D200BDCB01 /* SBJsonTokeniser.m in Sources */ = {isa = PBXBuildFile; fileRef = 9B707CE81664E4D200BDCB01 /* SBJsonTokeniser.m */; };
		9B707CF71664E4D200BDCB01 /* SBJsonUTF8Stream.m in Sources */ = {isa = PBXBuildFile; fileRef = 9B707CEA1664E4D200BDCB01 /* SBJsonUTF8Stream.m */; };
		9B707CF81664E4D200BDCB01 /* SBJsonWriter.m in Sources */ = {isa = PBXBuildFile; fileRef = 9B707CEC1664E4D200BDCB01 /* SBJsonWriter.m */; };
		9B707CFC1664E68C00BDCB01 /* MenuViewController.m in Sources */ = {isa = PBXBuildFile; fileRef = 9B707CFA1664E68C00BDCB01 /* MenuViewController.m */; };
		9B707CFD1664E68C00BDCB01 /* MenuViewController.xib in Resources */ = {isa = PBXBuildFile; fileRef = 9B707CFB1664E68C00BDCB01 /* MenuViewController.xib */; };
		9B707D011664EC1900BDCB01 /* LunchRandomizerViewController.m in Sources */ = {isa = PBXBuildFile; fileRef = 9B707CFF1664EC1900BDCB01 /* LunchRandomizerViewController.m */; };
		9B707D021664EC1900BDCB01 /* LunchRandomizerViewController.xib in Resources */ = {isa = PBXBuildFile; fileRef = 9B707D001664EC1900BDCB01 /* LunchRandomizerViewController.xib */; };
		9B707D09166518FA00BDCB01 /* DataManager.m in Sources */ = {isa = PBXBuildFile; fileRef = 9B707D08166518FA00BDCB01 /* DataManager.m */; };
/* End PBXBuildFile section */

/* Begin PBXFileReference section */
		9B707CB11664E4B600BDCB01 /* Lunchttery.app */ = {isa = PBXFileReference; explicitFileType = wrapper.application; includeInIndex = 0; path = Lunchttery.app; sourceTree = BUILT_PRODUCTS_DIR; };
		9B707CB51664E4B600BDCB01 /* UIKit.framework */ = {isa = PBXFileReference; lastKnownFileType = wrapper.framework; name = UIKit.framework; path = System/Library/Frameworks/UIKit.framework; sourceTree = SDKROOT; };
		9B707CB71664E4B600BDCB01 /* Foundation.framework */ = {isa = PBXFileReference; lastKnownFileType = wrapper.framework; name = Foundation.framework; path = System/Library/Frameworks/Foundation.framework; sourceTree = SDKROOT; };
		9B707CB91664E4B600BDCB01 /* CoreGraphics.framework */ = {isa = PBXFileReference; lastKnownFileType = wrapper.framework; name = CoreGraphics.framework; path = System/Library/Frameworks/CoreGraphics.framework; sourceTree = SDKROOT; };
		9B707CBD1664E4B600BDCB01 /* Lunchttery-Info.plist */ = {isa = PBXFileReference; lastKnownFileType = text.plist.xml; path = "Lunchttery-Info.plist"; sourceTree = "<group>"; };
		9B707CBF1664E4B600BDCB01 /* en */ = {isa = PBXFileReference; lastKnownFileType = text.plist.strings; name = en; path = en.lproj/InfoPlist.strings; sourceTree = "<group>"; };
		9B707CC11664E4B600BDCB01 /* main.m */ = {isa = PBXFileReference; lastKnownFileType = sourcecode.c.objc; path = main.m; sourceTree = "<group>"; };
		9B707CC31664E4B600BDCB01 /* Lunchttery-Prefix.pch */ = {isa = PBXFileReference; lastKnownFileType = sourcecode.c.h; path = "Lunchttery-Prefix.pch"; sourceTree = "<group>"; };
		9B707CC41664E4B600BDCB01 /* AppDelegate.h */ = {isa = PBXFileReference; lastKnownFileType = sourcecode.c.h; path = AppDelegate.h; sourceTree = "<group>"; };
		9B707CC51664E4B600BDCB01 /* AppDelegate.m */ = {isa = PBXFileReference; lastKnownFileType = sourcecode.c.objc; path = AppDelegate.m; sourceTree = "<group>"; };
		9B707CC71664E4B600BDCB01 /* Default.png */ = {isa = PBXFileReference; lastKnownFileType = image.png; path = Default.png; sourceTree = "<group>"; };
		9B707CC91664E4B600BDCB01 /* Default@2x.png */ = {isa = PBXFileReference; lastKnownFileType = image.png; path = "Default@2x.png"; sourceTree = "<group>"; };
		9B707CCB1664E4B600BDCB01 /* Default-568h@2x.png */ = {isa = PBXFileReference; lastKnownFileType = image.png; path = "Default-568h@2x.png"; sourceTree = "<group>"; };
		9B707CD41664E4D200BDCB01 /* NSObject+SBJson.h */ = {isa = PBXFileReference; fileEncoding = 4; lastKnownFileType = sourcecode.c.h; path = "NSObject+SBJson.h"; sourceTree = "<group>"; };
		9B707CD51664E4D200BDCB01 /* NSObject+SBJson.m */ = {isa = PBXFileReference; fileEncoding = 4; lastKnownFileType = sourcecode.c.objc; path = "NSObject+SBJson.m"; sourceTree = "<group>"; };
		9B707CD61664E4D200BDCB01 /* SBJson.h */ = {isa = PBXFileReference; fileEncoding = 4; lastKnownFileType = sourcecode.c.h; path = SBJson.h; sourceTree = "<group>"; };
		9B707CD71664E4D200BDCB01 /* SBJsonParser.h */ = {isa = PBXFileReference; fileEncoding = 4; lastKnownFileType = sourcecode.c.h; path = SBJsonParser.h; sourceTree = "<group>"; };
		9B707CD81664E4D200BDCB01 /* SBJsonParser.m */ = {isa = PBXFileReference; fileEncoding = 4; lastKnownFileType = sourcecode.c.objc; path = SBJsonParser.m; sourceTree = "<group>"; };
		9B707CD91664E4D200BDCB01 /* SBJsonStreamParser.h */ = {isa = PBXFileReference; fileEncoding = 4; lastKnownFileType = sourcecode.c.h; path = SBJsonStreamParser.h; sourceTree = "<group>"; };
		9B707CDA1664E4D200BDCB01 /* SBJsonStreamParser.m */ = {isa = PBXFileReference; fileEncoding = 4; lastKnownFileType = sourcecode.c.objc; path = SBJsonStreamParser.m; sourceTree = "<group>"; };
		9B707CDB1664E4D200BDCB01 /* SBJsonStreamParserAccumulator.h */ = {isa = PBXFileReference; fileEncoding = 4; lastKnownFileType = sourcecode.c.h; path = SBJsonStreamParserAccumulator.h; sourceTree = "<group>"; };
		9B707CDC1664E4D200BDCB01 /* SBJsonStreamParserAccumulator.m */ = {isa = PBXFileReference; fileEncoding = 4; lastKnownFileType = sourcecode.c.objc; path = SBJsonStreamParserAccumulator.m; sourceTree = "<group>"; };
		9B707CDD1664E4D200BDCB01 /* SBJsonStreamParserAdapter.h */ = {isa = PBXFileReference; fileEncoding = 4; lastKnownFileType = sourcecode.c.h; path = SBJsonStreamParserAdapter.h; sourceTree = "<group>"; };
		9B707CDE1664E4D200BDCB01 /* SBJsonStreamParserAdapter.m */ = {isa = PBXFileReference; fileEncoding = 4; lastKnownFileType = sourcecode.c.objc; path = SBJsonStreamParserAdapter.m; sourceTree = "<group>"; };
		9B707CDF1664E4D200BDCB01 /* SBJsonStreamParserState.h */ = {isa = PBXFileReference; fileEncoding = 4; lastKnownFileType = sourcecode.c.h; path = SBJsonStreamParserState.h; sourceTree = "<group>"; };
		9B707CE01664E4D200BDCB01 /* SBJsonStreamParserState.m */ = {isa = PBXFileReference; fileEncoding = 4; lastKnownFileType = sourcecode.c.objc; path = SBJsonStreamParserState.m; sourceTree = "<group>"; };
		9B707CE11664E4D200BDCB01 /* SBJsonStreamWriter.h */ = {isa = PBXFileReference; fileEncoding = 4; lastKnownFileType = sourcecode.c.h; path = SBJsonStreamWriter.h; sourceTree = "<group>"; };
		9B707CE21664E4D200BDCB01 /* SBJsonStreamWriter.m */ = {isa = PBXFileReference; fileEncoding = 4; lastKnownFileType = sourcecode.c.objc; path = SBJsonStreamWriter.m; sourceTree = "<group>"; };
		9B707CE31664E4D200BDCB01 /* SBJsonStreamWriterAccumulator.h */ = {isa = PBXFileReference; fileEncoding = 4; lastKnownFileType = sourcecode.c.h; path = SBJsonStreamWriterAccumulator.h; sourceTree = "<group>"; };
		9B707CE41664E4D200BDCB01 /* SBJsonStreamWriterAccumulator.m */ = {isa = PBXFileReference; fileEncoding = 4; lastKnownFileType = sourcecode.c.objc; path = SBJsonStreamWriterAccumulator.m; sourceTree = "<group>"; };
		9B707CE51664E4D200BDCB01 /* SBJsonStreamWriterState.h */ = {isa = PBXFileReference; fileEncoding = 4; lastKnownFileType = sourcecode.c.h; path = SBJsonStreamWriterState.h; sourceTree = "<group>"; };
		9B707CE61664E4D200BDCB01 /* SBJsonStreamWriterState.m */ = {isa = PBXFileReference; fileEncoding = 4; lastKnownFileType = sourcecode.c.objc; path = SBJsonStreamWriterState.m; sourceTree = "<group>"; };
		9B707CE71664E4D200BDCB01 /* SBJsonTokeniser.h */ = {isa = PBXFileReference; fileEncoding = 4; lastKnownFileType = sourcecode.c.h; path = SBJsonTokeniser.h; sourceTree = "<group>"; };
		9B707CE81664E4D200BDCB01 /* SBJsonTokeniser.m */ = {isa = PBXFileReference; fileEncoding = 4; lastKnownFileType = sourcecode.c.objc; path = SBJsonTokeniser.m; sourceTree = "<group>"; };
		9B707CE91664E4D200BDCB01 /* SBJsonUTF8Stream.h */ = {isa = PBXFileReference; fileEncoding = 4; lastKnownFileType = sourcecode.c.h; path = SBJsonUTF8Stream.h; sourceTree = "<group>"; };
		9B707CEA1664E4D200BDCB01 /* SBJsonUTF8Stream.m */ = {isa = PBXFileReference; fileEncoding = 4; lastKnownFileType = sourcecode.c.objc; path = SBJsonUTF8Stream.m; sourceTree = "<group>"; };
		9B707CEB1664E4D200BDCB01 /* SBJsonWriter.h */ = {isa = PBXFileReference; fileEncoding = 4; lastKnownFileType = sourcecode.c.h; path = SBJsonWriter.h; sourceTree = "<group>"; };
		9B707CEC1664E4D200BDCB01 /* SBJsonWriter.m */ = {isa = PBXFileReference; fileEncoding = 4; lastKnownFileType = sourcecode.c.objc; path = SBJsonWriter.m; sourceTree = "<group>"; };
		9B707CF91664E68C00BDCB01 /* MenuViewController.h */ = {isa = PBXFileReference; fileEncoding = 4; lastKnownFileType = sourcecode.c.h; path = MenuViewController.h; sourceTree = "<group>"; };
		9B707CFA1664E68C00BDCB01 /* MenuViewController.m */ = {isa = PBXFileReference; fileEncoding = 4; lastKnownFileType = sourcecode.c.objc; path = MenuViewController.m; sourceTree = "<group>"; };
		9B707CFB1664E68C00BDCB01 /* MenuViewController.xib */ = {isa = PBXFileReference; fileEncoding = 4; lastKnownFileType = file.xib; path = MenuViewController.xib; sourceTree = "<group>"; };
		9B707CFE1664EC1900BDCB01 /* LunchRandomizerViewController.h */ = {isa = PBXFileReference; fileEncoding = 4; lastKnownFileType = sourcecode.c.h; path = LunchRandomizerViewController.h; sourceTree = "<group>"; };
		9B707CFF1664EC1900BDCB01 /* LunchRandomizerViewController.m */ = {isa = PBXFileReference; fileEncoding = 4; lastKnownFileType = sourcecode.c.objc; path = LunchRandomizerViewController.m; sourceTree = "<group>"; };
		9B707D001664EC1900BDCB01 /* LunchRandomizerViewController.xib */ = {isa = PBXFileReference; fileEncoding = 4; lastKnownFileType = file.xib; path = LunchRandomizerViewController.xib; sourceTree = "<group>"; };
		9B707D07166518FA00BDCB01 /* DataManager.h */ = {isa = PBXFileReference; fileEncoding = 4; lastKnownFileType = sourcecode.c.h; path = DataManager.h; sourceTree = "<group>"; };
		9B707D08166518FA00BDCB01 /* DataManager.m */ = {isa = PBXFileReference; fileEncoding = 4; lastKnownFileType = sourcecode.c.objc; path = DataManager.m; sourceTree = "<group>"; };
/* End PBXFileReference section */

/* Begin PBXFrameworksBuildPhase section */
		9B707CAE1664E4B600BDCB01 /* Frameworks */ = {
			isa = PBXFrameworksBuildPhase;
			buildActionMask = 2147483647;
			files = (
				9B707CB61664E4B600BDCB01 /* UIKit.framework in Frameworks */,
				9B707CB81664E4B600BDCB01 /* Foundation.framework in Frameworks */,
				9B707CBA1664E4B600BDCB01 /* CoreGraphics.framework in Frameworks */,
			);
			runOnlyForDeploymentPostprocessing = 0;
		};
/* End PBXFrameworksBuildPhase section */

/* Begin PBXGroup section */
		9B707CA61664E4B600BDCB01 = {
			isa = PBXGroup;
			children = (
				9B707CBB1664E4B600BDCB01 /* Lunchttery */,
				9B707CD21664E4BF00BDCB01 /* Utilities */,
				9B707CB41664E4B600BDCB01 /* Frameworks */,
				9B707CB21664E4B600BDCB01 /* Products */,
			);
			sourceTree = "<group>";
		};
		9B707CB21664E4B600BDCB01 /* Products */ = {
			isa = PBXGroup;
			children = (
				9B707CB11664E4B600BDCB01 /* Lunchttery.app */,
			);
			name = Products;
			sourceTree = "<group>";
		};
		9B707CB41664E4B600BDCB01 /* Frameworks */ = {
			isa = PBXGroup;
			children = (
				9B707CB51664E4B600BDCB01 /* UIKit.framework */,
				9B707CB71664E4B600BDCB01 /* Foundation.framework */,
				9B707CB91664E4B600BDCB01 /* CoreGraphics.framework */,
			);
			name = Frameworks;
			sourceTree = "<group>";
		};
		9B707CBB1664E4B600BDCB01 /* Lunchttery */ = {
			isa = PBXGroup;
			children = (
				9B707D0E16651E1A00BDCB01 /* Objects */,
				9B707CC41664E4B600BDCB01 /* AppDelegate.h */,
				9B707CC51664E4B600BDCB01 /* AppDelegate.m */,
				9B707CF91664E68C00BDCB01 /* MenuViewController.h */,
				9B707CFA1664E68C00BDCB01 /* MenuViewController.m */,
				9B707CFB1664E68C00BDCB01 /* MenuViewController.xib */,
				9B707CFE1664EC1900BDCB01 /* LunchRandomizerViewController.h */,
				9B707CFF1664EC1900BDCB01 /* LunchRandomizerViewController.m */,
				9B707D001664EC1900BDCB01 /* LunchRandomizerViewController.xib */,
				9B707CBC1664E4B600BDCB01 /* Supporting Files */,
			);
			path = Lunchttery;
			sourceTree = "<group>";
		};
		9B707CBC1664E4B600BDCB01 /* Supporting Files */ = {
			isa = PBXGroup;
			children = (
				9B707CBD1664E4B600BDCB01 /* Lunchttery-Info.plist */,
				9B707CBE1664E4B600BDCB01 /* InfoPlist.strings */,
				9B707CC11664E4B600BDCB01 /* main.m */,
				9B707CC31664E4B600BDCB01 /* Lunchttery-Prefix.pch */,
				9B707CC71664E4B600BDCB01 /* Default.png */,
				9B707CC91664E4B600BDCB01 /* Default@2x.png */,
				9B707CCB1664E4B600BDCB01 /* Default-568h@2x.png */,
			);
			name = "Supporting Files";
			sourceTree = "<group>";
		};
		9B707CD21664E4BF00BDCB01 /* Utilities */ = {
			isa = PBXGroup;
			children = (
				9B707CD31664E4C800BDCB01 /* JSON */,
			);
			name = Utilities;
			sourceTree = "<group>";
		};
		9B707CD31664E4C800BDCB01 /* JSON */ = {
			isa = PBXGroup;
			children = (
				9B707CD41664E4D200BDCB01 /* NSObject+SBJson.h */,
				9B707CD51664E4D200BDCB01 /* NSObject+SBJson.m */,
				9B707CD61664E4D200BDCB01 /* SBJson.h */,
				9B707CD71664E4D200BDCB01 /* SBJsonParser.h */,
				9B707CD81664E4D200BDCB01 /* SBJsonParser.m */,
				9B707CD91664E4D200BDCB01 /* SBJsonStreamParser.h */,
				9B707CDA1664E4D200BDCB01 /* SBJsonStreamParser.m */,
				9B707CDB1664E4D200BDCB01 /* SBJsonStreamParserAccumulator.h */,
				9B707CDC1664E4D200BDCB01 /* SBJsonStreamParserAccumulator.m */,
				9B707CDD1664E4D200BDCB01 /* SBJsonStreamParserAdapter.h */,
				9B707CDE1664E4D200BDCB01 /* SBJsonStreamParserAdapter.m */,
				9B707CDF1664E4D200BDCB01 /* SBJsonStreamParserState.h */,
				9B707CE01664E4D200BDCB01 /* SBJsonStreamParserState.m */,
				9B707CE11664E4D200BDCB01 /* SBJsonStreamWriter.h */,
				9B707CE21664E4D200BDCB01 /* SBJsonStreamWriter.m */,
				9B707CE31664E4D200BDCB01 /* SBJsonStreamWriterAccumulator.h */,
				9B707CE41664E4D200BDCB01 /* SBJsonStreamWriterAccumulator.m */,
				9B707CE51664E4D200BDCB01 /* SBJsonStreamWriterState.h */,
				9B707CE61664E4D200BDCB01 /* SBJsonStreamWriterState.m */,
				9B707CE71664E4D200BDCB01 /* SBJsonTokeniser.h */,
				9B707CE81664E4D200BDCB01 /* SBJsonTokeniser.m */,
				9B707CE91664E4D200BDCB01 /* SBJsonUTF8Stream.h */,
				9B707CEA1664E4D200BDCB01 /* SBJsonUTF8Stream.m */,
				9B707CEB1664E4D200BDCB01 /* SBJsonWriter.h */,
				9B707CEC1664E4D200BDCB01 /* SBJsonWriter.m */,
			);
			name = JSON;
			sourceTree = "<group>";
		};
		9B707D0E16651E1A00BDCB01 /* Objects */ = {
			isa = PBXGroup;
			children = (
				9B707D07166518FA00BDCB01 /* DataManager.h */,
				9B707D08166518FA00BDCB01 /* DataManager.m */,
			);
			name = Objects;
			sourceTree = "<group>";
		};
/* End PBXGroup section */

/* Begin PBXNativeTarget section */
		9B707CB01664E4B600BDCB01 /* Lunchttery */ = {
			isa = PBXNativeTarget;
			buildConfigurationList = 9B707CCF1664E4B600BDCB01 /* Build configuration list for PBXNativeTarget "Lunchttery" */;
			buildPhases = (
				9B707CAD1664E4B600BDCB01 /* Sources */,
				9B707CAE1664E4B600BDCB01 /* Frameworks */,
				9B707CAF1664E4B600BDCB01 /* Resources */,
			);
			buildRules = (
			);
			dependencies = (
			);
			name = Lunchttery;
			productName = Lunchttery;
			productReference = 9B707CB11664E4B600BDCB01 /* Lunchttery.app */;
			productType = "com.apple.product-type.application";
		};
/* End PBXNativeTarget section */

/* Begin PBXProject section */
		9B707CA81664E4B600BDCB01 /* Project object */ = {
			isa = PBXProject;
			attributes = {
				LastUpgradeCheck = 0450;
				ORGANIZATIONNAME = "Magic Dealers";
			};
			buildConfigurationList = 9B707CAB1664E4B600BDCB01 /* Build configuration list for PBXProject "Lunchttery" */;
			compatibilityVersion = "Xcode 3.2";
			developmentRegion = English;
			hasScannedForEncodings = 0;
			knownRegions = (
				en,
			);
			mainGroup = 9B707CA61664E4B600BDCB01;
			productRefGroup = 9B707CB21664E4B600BDCB01 /* Products */;
			projectDirPath = "";
			projectRoot = "";
			targets = (
				9B707CB01664E4B600BDCB01 /* Lunchttery */,
			);
		};
/* End PBXProject section */

/* Begin PBXResourcesBuildPhase section */
		9B707CAF1664E4B600BDCB01 /* Resources */ = {
			isa = PBXResourcesBuildPhase;
			buildActionMask = 2147483647;
			files = (
				9B707CC01664E4B600BDCB01 /* InfoPlist.strings in Resources */,
				9B707CC81664E4B600BDCB01 /* Default.png in Resources */,
				9B707CCA1664E4B600BDCB01 /* Default@2x.png in Resources */,
				9B707CCC1664E4B600BDCB01 /* Default-568h@2x.png in Resources */,
				9B707CFD1664E68C00BDCB01 /* MenuViewController.xib in Resources */,
				9B707D021664EC1900BDCB01 /* LunchRandomizerViewController.xib in Resources */,
			);
			runOnlyForDeploymentPostprocessing = 0;
		};
/* End PBXResourcesBuildPhase section */

/* Begin PBXSourcesBuildPhase section */
		9B707CAD1664E4B600BDCB01 /* Sources */ = {
			isa = PBXSourcesBuildPhase;
			buildActionMask = 2147483647;
			files = (
				9B707CC21664E4B600BDCB01 /* main.m in Sources */,
				9B707CC61664E4B600BDCB01 /* AppDelegate.m in Sources */,
				9B707CED1664E4D200BDCB01 /* NSObject+SBJson.m in Sources */,
				9B707CEE1664E4D200BDCB01 /* SBJsonParser.m in Sources */,
				9B707CEF1664E4D200BDCB01 /* SBJsonStreamParser.m in Sources */,
				9B707CF01664E4D200BDCB01 /* SBJsonStreamParserAccumulator.m in Sources */,
				9B707CF11664E4D200BDCB01 /* SBJsonStreamParserAdapter.m in Sources */,
				9B707CF21664E4D200BDCB01 /* SBJsonStreamParserState.m in Sources */,
				9B707CF31664E4D200BDCB01 /* SBJsonStreamWriter.m in Sources */,
				9B707CF41664E4D200BDCB01 /* SBJsonStreamWriterAccumulator.m in Sources */,
				9B707CF51664E4D200BDCB01 /* SBJsonStreamWriterState.m in Sources */,
				9B707CF61664E4D200BDCB01 /* SBJsonTokeniser.m in Sources */,
				9B707CF71664E4D200BDCB01 /* SBJsonUTF8Stream.m in Sources */,
				9B707CF81664E4D200BDCB01 /* SBJsonWriter.m in Sources */,
				9B707CFC1664E68C00BDCB01 /* MenuViewController.m in Sources */,
				9B707D011664EC1900BDCB01 /* LunchRandomizerViewController.m in Sources */,
				9B707D09166518FA00BDCB01 /* DataManager.m in Sources */,
			);
			runOnlyForDeploymentPostprocessing = 0;
		};
/* End PBXSourcesBuildPhase section */

/* Begin PBXVariantGroup section */
		9B707CBE1664E4B600BDCB01 /* InfoPlist.strings */ = {
			isa = PBXVariantGroup;
			children = (
				9B707CBF1664E4B600BDCB01 /* en */,
			);
			name = InfoPlist.strings;
			sourceTree = "<group>";
		};
/* End PBXVariantGroup section */

/* Begin XCBuildConfiguration section */
		9B707CCD1664E4B600BDCB01 /* Debug */ = {
			isa = XCBuildConfiguration;
			buildSettings = {
				ALWAYS_SEARCH_USER_PATHS = NO;
				CLANG_CXX_LANGUAGE_STANDARD = "gnu++0x";
				CLANG_CXX_LIBRARY = "libc++";
				CLANG_ENABLE_OBJC_ARC = YES;
				CLANG_WARN_EMPTY_BODY = YES;
				CLANG_WARN__DUPLICATE_METHOD_MATCH = YES;
				"CODE_SIGN_IDENTITY[sdk=iphoneos*]" = "iPhone Developer";
				COPY_PHASE_STRIP = NO;
				GCC_C_LANGUAGE_STANDARD = gnu99;
				GCC_DYNAMIC_NO_PIC = NO;
				GCC_OPTIMIZATION_LEVEL = 0;
				GCC_PREPROCESSOR_DEFINITIONS = (
					"DEBUG=1",
					"$(inherited)",
				);
				GCC_SYMBOLS_PRIVATE_EXTERN = NO;
				GCC_WARN_ABOUT_RETURN_TYPE = YES;
				GCC_WARN_UNINITIALIZED_AUTOS = YES;
				GCC_WARN_UNUSED_VARIABLE = YES;
				IPHONEOS_DEPLOYMENT_TARGET = 6.0;
				ONLY_ACTIVE_ARCH = YES;
				SDKROOT = iphoneos;
			};
			name = Debug;
		};
		9B707CCE1664E4B600BDCB01 /* Release */ = {
			isa = XCBuildConfiguration;
			buildSettings = {
				ALWAYS_SEARCH_USER_PATHS = NO;
				CLANG_CXX_LANGUAGE_STANDARD = "gnu++0x";
				CLANG_CXX_LIBRARY = "libc++";
				CLANG_ENABLE_OBJC_ARC = YES;
				CLANG_WARN_EMPTY_BODY = YES;
				CLANG_WARN__DUPLICATE_METHOD_MATCH = YES;
				"CODE_SIGN_IDENTITY[sdk=iphoneos*]" = "iPhone Developer";
				COPY_PHASE_STRIP = YES;
				GCC_C_LANGUAGE_STANDARD = gnu99;
				GCC_WARN_ABOUT_RETURN_TYPE = YES;
				GCC_WARN_UNINITIALIZED_AUTOS = YES;
				GCC_WARN_UNUSED_VARIABLE = YES;
				IPHONEOS_DEPLOYMENT_TARGET = 6.0;
				OTHER_CFLAGS = "-DNS_BLOCK_ASSERTIONS=1";
				SDKROOT = iphoneos;
				VALIDATE_PRODUCT = YES;
			};
			name = Release;
		};
		9B707CD01664E4B600BDCB01 /* Debug */ = {
			isa = XCBuildConfiguration;
			buildSettings = {
				GCC_PRECOMPILE_PREFIX_HEADER = YES;
				GCC_PREFIX_HEADER = "Lunchttery/Lunchttery-Prefix.pch";
				INFOPLIST_FILE = "Lunchttery/Lunchttery-Info.plist";
				PRODUCT_NAME = "$(TARGET_NAME)";
				WRAPPER_EXTENSION = app;
			};
			name = Debug;
		};
		9B707CD11664E4B600BDCB01 /* Release */ = {
			isa = XCBuildConfiguration;
			buildSettings = {
				GCC_PRECOMPILE_PREFIX_HEADER = YES;
				GCC_PREFIX_HEADER = "Lunchttery/Lunchttery-Prefix.pch";
				INFOPLIST_FILE = "Lunchttery/Lunchttery-Info.plist";
				PRODUCT_NAME = "$(TARGET_NAME)";
				WRAPPER_EXTENSION = app;
			};
			name = Release;
		};
/* End XCBuildConfiguration section */

/* Begin XCConfigurationList section */
		9B707CAB1664E4B600BDCB01 /* Build configuration list for PBXProject "Lunchttery" */ = {
			isa = XCConfigurationList;
			buildConfigurations = (
				9B707CCD1664E4B600BDCB01 /* Debug */,
				9B707CCE1664E4B600BDCB01 /* Release */,
			);
			defaultConfigurationIsVisible = 0;
			defaultConfigurationName = Release;
		};
		9B707CCF1664E4B600BDCB01 /* Build configuration list for PBXNativeTarget "Lunchttery" */ = {
			isa = XCConfigurationList;
			buildConfigurations = (
				9B707CD01664E4B600BDCB01 /* Debug */,
				9B707CD11664E4B600BDCB01 /* Release */,
			);
			defaultConfigurationIsVisible = 0;
		};
/* End XCConfigurationList section */
	};
	rootObject = 9B707CA81664E4B600BDCB01 /* Project object */;
}
